
Microsoft Visual Studio Solution File, Format Version 12.00
# Visual Studio 15
VisualStudioVersion = 15.0.28307.1758
MinimumVisualStudioVersion = 10.0.40219.1
Project("{FAE04EC0-301F-11D3-BF4B-00C04F79EFBC}") = "FreeWorms", "FreeWorms.csproj", "{F736C706-1FA8-4C20-B933-FAE99E6217F6}"
EndProject
Project("{FAE04EC0-301F-11D3-BF4B-00C04F79EFBC}") = "Gamelib", "..\Gamelib\Gamelib.csproj", "{93F06753-3BF8-4FD9-BA52-338EF6E9AAFE}"
EndProject
Project("{FAE04EC0-301F-11D3-BF4B-00C04F79EFBC}") = "Physics", "..\Physics\Physics.csproj", "{C6DB4CC2-D5C5-4A50-8691-F3311AE522DE}"
EndProject
Global
	GlobalSection(SolutionConfigurationPlatforms) = preSolution
		Debug|Any CPU = Debug|Any CPU
		Debug|x86 = Debug|x86
		Release|Any CPU = Release|Any CPU
		Release|x86 = Release|x86
	EndGlobalSection
	GlobalSection(ProjectConfigurationPlatforms) = postSolution
		{F736C706-1FA8-4C20-B933-FAE99E6217F6}.Debug|Any CPU.ActiveCfg = Debug|x86
		{F736C706-1FA8-4C20-B933-FAE99E6217F6}.Debug|x86.ActiveCfg = Debug|x86
		{F736C706-1FA8-4C20-B933-FAE99E6217F6}.Debug|x86.Build.0 = Debug|x86
		{F736C706-1FA8-4C20-B933-FAE99E6217F6}.Release|Any CPU.ActiveCfg = Release|x86
		{F736C706-1FA8-4C20-B933-FAE99E6217F6}.Release|x86.ActiveCfg = Release|x86
		{F736C706-1FA8-4C20-B933-FAE99E6217F6}.Release|x86.Build.0 = Release|x86
		{93F06753-3BF8-4FD9-BA52-338EF6E9AAFE}.Debug|Any CPU.ActiveCfg = Debug|Any CPU
		{93F06753-3BF8-4FD9-BA52-338EF6E9AAFE}.Debug|Any CPU.Build.0 = Debug|Any CPU
		{93F06753-3BF8-4FD9-BA52-338EF6E9AAFE}.Debug|x86.ActiveCfg = Debug|Any CPU
		{93F06753-3BF8-4FD9-BA52-338EF6E9AAFE}.Debug|x86.Build.0 = Debug|Any CPU
		{93F06753-3BF8-4FD9-BA52-338EF6E9AAFE}.Release|Any CPU.ActiveCfg = Release|Any CPU
		{93F06753-3BF8-4FD9-BA52-338EF6E9AAFE}.Release|Any CPU.Build.0 = Release|Any CPU
		{93F06753-3BF8-4FD9-BA52-338EF6E9AAFE}.Release|x86.ActiveCfg = Release|Any CPU
		{93F06753-3BF8-4FD9-BA52-338EF6E9AAFE}.Release|x86.Build.0 = Release|Any CPU
		{C6DB4CC2-D5C5-4A50-8691-F3311AE522DE}.Debug|Any CPU.ActiveCfg = Debug|Any CPU
		{C6DB4CC2-D5C5-4A50-8691-F3311AE522DE}.Debug|Any CPU.Build.0 = Debug|Any CPU
		{C6DB4CC2-D5C5-4A50-8691-F3311AE522DE}.Debug|x86.ActiveCfg = Debug|Any CPU
		{C6DB4CC2-D5C5-4A50-8691-F3311AE522DE}.Debug|x86.Build.0 = Debug|Any CPU
		{C6DB4CC2-D5C5-4A50-8691-F3311AE522DE}.Release|Any CPU.ActiveCfg = Release|Any CPU
		{C6DB4CC2-D5C5-4A50-8691-F3311AE522DE}.Release|Any CPU.Build.0 = Release|Any CPU
		{C6DB4CC2-D5C5-4A50-8691-F3311AE522DE}.Release|x86.ActiveCfg = Release|Any CPU
		{C6DB4CC2-D5C5-4A50-8691-F3311AE522DE}.Release|x86.Build.0 = Release|Any CPU
	EndGlobalSection
	GlobalSection(SolutionProperties) = preSolution
		HideSolutionNode = FALSE
	EndGlobalSection
	GlobalSection(ExtensibilityGlobals) = postSolution
		SolutionGuid = {6855644C-745B-47D9-807F-DF2C0D9FA899}
	EndGlobalSection
EndGlobal
